
Microsoft Visual Studio Solution File, Format Version 12.00
# Visual Studio Version 17
VisualStudioVersion = 17.4.33213.308
MinimumVisualStudioVersion = 10.0.40219.1
Project("{9A19103F-16F7-4668-BE54-9A1E7A4F7556}") = "DataAccess", "DataAccess\DataAccess.csproj", "{039AE2EF-8A89-42B4-B20F-0F8CE130241C}"
EndProject
Project("{9A19103F-16F7-4668-BE54-9A1E7A4F7556}") = "BusinessObject", "BusinessObject\BusinessObject.csproj", "{FE67A94B-5EBD-43B7-95DF-17B2F9F026B1}"
EndProject
Project("{FAE04EC0-301F-11D3-BF4B-00C04F79EFBC}") = "SaleWPFApp", "SaleWPFApp\SaleWPFApp.csproj", "{38BF1F81-132A-4EA9-AE91-414608AF87B9}"
EndProject
Global
	GlobalSection(SolutionConfigurationPlatforms) = preSolution
		Debug|Any CPU = Debug|Any CPU
		Release|Any CPU = Release|Any CPU
	EndGlobalSection
	GlobalSection(ProjectConfigurationPlatforms) = postSolution
		{039AE2EF-8A89-42B4-B20F-0F8CE130241C}.Debug|Any CPU.ActiveCfg = Debug|Any CPU
		{039AE2EF-8A89-42B4-B20F-0F8CE130241C}.Debug|Any CPU.Build.0 = Debug|Any CPU
		{039AE2EF-8A89-42B4-B20F-0F8CE130241C}.Release|Any CPU.ActiveCfg = Release|Any CPU
		{039AE2EF-8A89-42B4-B20F-0F8CE130241C}.Release|Any CPU.Build.0 = Release|Any CPU
		{FE67A94B-5EBD-43B7-95DF-17B2F9F026B1}.Debug|Any CPU.ActiveCfg = Debug|Any CPU
		{FE67A94B-5EBD-43B7-95DF-17B2F9F026B1}.Debug|Any CPU.Build.0 = Debug|Any CPU
		{FE67A94B-5EBD-43B7-95DF-17B2F9F026B1}.Release|Any CPU.ActiveCfg = Release|Any CPU
		{FE67A94B-5EBD-43B7-95DF-17B2F9F026B1}.Release|Any CPU.Build.0 = Release|Any CPU
		{38BF1F81-132A-4EA9-AE91-414608AF87B9}.Debug|Any CPU.ActiveCfg = Debug|Any CPU
		{38BF1F81-132A-4EA9-AE91-414608AF87B9}.Debug|Any CPU.Build.0 = Debug|Any CPU
		{38BF1F81-132A-4EA9-AE91-414608AF87B9}.Release|Any CPU.ActiveCfg = Release|Any CPU
		{38BF1F81-132A-4EA9-AE91-414608AF87B9}.Release|Any CPU.Build.0 = Release|Any CPU
	EndGlobalSection
	GlobalSection(SolutionProperties) = preSolution
		HideSolutionNode = FALSE
	EndGlobalSection
	GlobalSection(ExtensibilityGlobals) = postSolution
		SolutionGuid = {A1DAB299-5C62-451B-B3C8-B39AF70C287B}
	EndGlobalSection
EndGlobal
